
Microsoft Visual Studio Solution File, Format Version 12.00
# Visual Studio Version 17
VisualStudioVersion = 17.10.35013.160
MinimumVisualStudioVersion = 10.0.40219.1
Project("{9A19103F-16F7-4668-BE54-9A1E7A4F7556}") = "SimpleSociaMedialApp", "SimpleSocialMediaApp\SimpleSociaMedialApp.csproj", "{5EEB86C2-EA6A-4139-BDFF-9EF010BB53C1}"
EndProject
Project("{9A19103F-16F7-4668-BE54-9A1E7A4F7556}") = "Tests", "Tests\Tests.csproj", "{24AA9349-53DA-46B5-97FF-448B1B43B8DF}"
EndProject
Global
	GlobalSection(SolutionConfigurationPlatforms) = preSolution
		Debug|Any CPU = Debug|Any CPU
		Release|Any CPU = Release|Any CPU
	EndGlobalSection
	GlobalSection(ProjectConfigurationPlatforms) = postSolution
		{5EEB86C2-EA6A-4139-BDFF-9EF010BB53C1}.Debug|Any CPU.ActiveCfg = Debug|Any CPU
		{5EEB86C2-EA6A-4139-BDFF-9EF010BB53C1}.Debug|Any CPU.Build.0 = Debug|Any CPU
		{5EEB86C2-EA6A-4139-BDFF-9EF010BB53C1}.Release|Any CPU.ActiveCfg = Release|Any CPU
		{5EEB86C2-EA6A-4139-BDFF-9EF010BB53C1}.Release|Any CPU.Build.0 = Release|Any CPU
		{24AA9349-53DA-46B5-97FF-448B1B43B8DF}.Debug|Any CPU.ActiveCfg = Debug|Any CPU
		{24AA9349-53DA-46B5-97FF-448B1B43B8DF}.Debug|Any CPU.Build.0 = Debug|Any CPU
		{24AA9349-53DA-46B5-97FF-448B1B43B8DF}.Release|Any CPU.ActiveCfg = Release|Any CPU
		{24AA9349-53DA-46B5-97FF-448B1B43B8DF}.Release|Any CPU.Build.0 = Release|Any CPU
	EndGlobalSection
	GlobalSection(SolutionProperties) = preSolution
		HideSolutionNode = FALSE
	EndGlobalSection
	GlobalSection(ExtensibilityGlobals) = postSolution
		SolutionGuid = {CFB2B004-9BDB-4911-868E-09ABC2327C0B}
	EndGlobalSection
EndGlobal
